
Microsoft Visual Studio Solution File, Format Version 12.00
# Visual Studio Version 17
VisualStudioVersion = 17.8.34316.72
MinimumVisualStudioVersion = 10.0.40219.1
Project("{FAE04EC0-301F-11D3-BF4B-00C04F79EFBC}") = "EntregadoresAPI", "EntregadoresAPI\EntregadoresAPI.csproj", "{A9131C78-B9B0-4982-949E-FF7B2E3B57D7}"
EndProject
Global
	GlobalSection(SolutionConfigurationPlatforms) = preSolution
		Debug|Any CPU = Debug|Any CPU
		Release|Any CPU = Release|Any CPU
	EndGlobalSection
	GlobalSection(ProjectConfigurationPlatforms) = postSolution
		{A9131C78-B9B0-4982-949E-FF7B2E3B57D7}.Debug|Any CPU.ActiveCfg = Debug|Any CPU
		{A9131C78-B9B0-4982-949E-FF7B2E3B57D7}.Debug|Any CPU.Build.0 = Debug|Any CPU
		{A9131C78-B9B0-4982-949E-FF7B2E3B57D7}.Release|Any CPU.ActiveCfg = Release|Any CPU
		{A9131C78-B9B0-4982-949E-FF7B2E3B57D7}.Release|Any CPU.Build.0 = Release|Any CPU
	EndGlobalSection
	GlobalSection(SolutionProperties) = preSolution
		HideSolutionNode = FALSE
	EndGlobalSection
	GlobalSection(ExtensibilityGlobals) = postSolution
		SolutionGuid = {580926F0-C4AF-434B-BB88-80936A4C52B6}
	EndGlobalSection
EndGlobal
